// !$*UTF8*$!
{
	archiveVersion = 1;
	classes = {
	};
	objectVersion = 50;
	objects = {

/* Begin PBXBuildFile section */
		C6922C26210F364F007DEA50 /* AppDelegate.m in Sources */ = {isa = PBXBuildFile; fileRef = C6922C25210F364F007DEA50 /* AppDelegate.m */; };
		C6922C29210F364F007DEA50 /* ViewController.m in Sources */ = {isa = PBXBuildFile; fileRef = C6922C28210F364F007DEA50 /* ViewController.m */; };
		C6922C2C210F364F007DEA50 /* Main.storyboard in Resources */ = {isa = PBXBuildFile; fileRef = C6922C2A210F364F007DEA50 /* Main.storyboard */; };
		C6922C2E210F3650007DEA50 /* Assets.xcassets in Resources */ = {isa = PBXBuildFile; fileRef = C6922C2D210F3650007DEA50 /* Assets.xcassets */; };
		C6922C31210F3650007DEA50 /* LaunchScreen.storyboard in Resources */ = {isa = PBXBuildFile; fileRef = C6922C2F210F3650007DEA50 /* LaunchScreen.storyboard */; };
		C6922C34210F3650007DEA50 /* main.m in Sources */ = {isa = PBXBuildFile; fileRef = C6922C33210F3650007DEA50 /* main.m */; };
		C6922C3E210F3650007DEA50 /* OpenGLES_Ch2_1Tests.m in Sources */ = {isa = PBXBuildFile; fileRef = C6922C3D210F3650007DEA50 /* OpenGLES_Ch2_1Tests.m */; };
		C6922C49210F3650007DEA50 /* OpenGLES_Ch2_1UITests.m in Sources */ = {isa = PBXBuildFile; fileRef = C6922C48210F3650007DEA50 /* OpenGLES_Ch2_1UITests.m */; };
/* End PBXBuildFile section */

/* Begin PBXContainerItemProxy section */
		C6922C3A210F3650007DEA50 /* PBXContainerItemProxy */ = {
			isa = PBXContainerItemProxy;
			containerPortal = C6922C19210F364F007DEA50 /* Project object */;
			proxyType = 1;
			remoteGlobalIDString = C6922C20210F364F007DEA50;
			remoteInfo = OpenGLES_Ch2_1;
		};
		C6922C45210F3650007DEA50 /* PBXContainerItemProxy */ = {
			isa = PBXContainerItemProxy;
			containerPortal = C6922C19210F364F007DEA50 /* Project object */;
			proxyType = 1;
			remoteGlobalIDString = C6922C20210F364F007DEA50;
			remoteInfo = OpenGLES_Ch2_1;
		};
/* End PBXContainerItemProxy section */

/* Begin PBXFileReference section */
		C6922C21210F364F007DEA50 /* OpenGLES_Ch2_1.app */ = {isa = PBXFileReference; explicitFileType = wrapper.application; includeInIndex = 0; path = OpenGLES_Ch2_1.app; sourceTree = BUILT_PRODUCTS_DIR; };
		C6922C24210F364F007DEA50 /* AppDelegate.h */ = {isa = PBXFileReference; lastKnownFileType = sourcecode.c.h; path = AppDelegate.h; sourceTree = "<group>"; };
		C6922C25210F364F007DEA50 /* AppDelegate.m */ = {isa = PBXFileReference; lastKnownFileType = sourcecode.c.objc; path = AppDelegate.m; sourceTree = "<group>"; };
		C6922C27210F364F007DEA50 /* ViewController.h */ = {isa = PBXFileReference; lastKnownFileType = sourcecode.c.h; path = ViewController.h; sourceTree = "<group>"; };
		C6922C28210F364F007DEA50 /* ViewController.m */ = {isa = PBXFileReference; lastKnownFileType = sourcecode.c.objc; path = ViewController.m; sourceTree = "<group>"; };
		C6922C2B210F364F007DEA50 /* Base */ = {isa = PBXFileReference; lastKnownFileType = file.storyboard; name = Base; path = Base.lproj/Main.storyboard; sourceTree = "<group>"; };
		C6922C2D210F3650007DEA50 /* Assets.xcassets */ = {isa = PBXFileReference; lastKnownFileType = folder.assetcatalog; path = Assets.xcassets; sourceTree = "<group>"; };
		C6922C30210F3650007DEA50 /* Base */ = {isa = PBXFileReference; lastKnownFileType = file.storyboard; name = Base; path = Base.lproj/LaunchScreen.storyboard; sourceTree = "<group>"; };
		C6922C32210F3650007DEA50 /* Info.plist */ = {isa = PBXFileReference; lastKnownFileType = text.plist.xml; path = Info.plist; sourceTree = "<group>"; };
		C6922C33210F3650007DEA50 /* main.m */ = {isa = PBXFileReference; lastKnownFileType = sourcecode.c.objc; path = main.m; sourceTree = "<group>"; };
		C6922C39210F3650007DEA50 /* OpenGLES_Ch2_1Tests.xctest */ = {isa = PBXFileReference; explicitFileType = wrapper.cfbundle; includeInIndex = 0; path = OpenGLES_Ch2_1Tests.xctest; sourceTree = BUILT_PRODUCTS_DIR; };
		C6922C3D210F3650007DEA50 /* OpenGLES_Ch2_1Tests.m */ = {isa = PBXFileReference; lastKnownFileType = sourcecode.c.objc; path = OpenGLES_Ch2_1Tests.m; sourceTree = "<group>"; };
		C6922C3F210F3650007DEA50 /* Info.plist */ = {isa = PBXFileReference; lastKnownFileType = text.plist.xml; path = Info.plist; sourceTree = "<group>"; };
		C6922C44210F3650007DEA50 /* OpenGLES_Ch2_1UITests.xctest */ = {isa = PBXFileReference; explicitFileType = wrapper.cfbundle; includeInIndex = 0; path = OpenGLES_Ch2_1UITests.xctest; sourceTree = BUILT_PRODUCTS_DIR; };
		C6922C48210F3650007DEA50 /* OpenGLES_Ch2_1UITests.m */ = {isa = PBXFileReference; lastKnownFileType = sourcecode.c.objc; path = OpenGLES_Ch2_1UITests.m; sourceTree = "<group>"; };
		C6922C4A210F3650007DEA50 /* Info.plist */ = {isa = PBXFileReference; lastKnownFileType = text.plist.xml; path = Info.plist; sourceTree = "<group>"; };
/* End PBXFileReference section */

/* Begin PBXFrameworksBuildPhase section */
		C6922C1E210F364F007DEA50 /* Frameworks */ = {
			isa = PBXFrameworksBuildPhase;
			buildActionMask = 2147483647;
			files = (
			);
			runOnlyForDeploymentPostprocessing = 0;
		};
		C6922C36210F3650007DEA50 /* Frameworks */ = {
			isa = PBXFrameworksBuildPhase;
			buildActionMask = 2147483647;
			files = (
			);
			runOnlyForDeploymentPostprocessing = 0;
		};
		C6922C41210F3650007DEA50 /* Frameworks */ = {
			isa = PBXFrameworksBuildPhase;
			buildActionMask = 2147483647;
			files = (
			);
			runOnlyForDeploymentPostprocessing = 0;
		};
/* End PBXFrameworksBuildPhase section */

/* Begin PBXGroup section */
		C6922C18210F364F007DEA50 = {
			isa = PBXGroup;
			children = (
				C6922C23210F364F007DEA50 /* OpenGLES_Ch2_1 */,
				C6922C3C210F3650007DEA50 /* OpenGLES_Ch2_1Tests */,
				C6922C47210F3650007DEA50 /* OpenGLES_Ch2_1UITests */,
				C6922C22210F364F007DEA50 /* Products */,
			);
			sourceTree = "<group>";
		};
		C6922C22210F364F007DEA50 /* Products */ = {
			isa = PBXGroup;
			children = (
				C6922C21210F364F007DEA50 /* OpenGLES_Ch2_1.app */,
				C6922C39210F3650007DEA50 /* OpenGLES_Ch2_1Tests.xctest */,
				C6922C44210F3650007DEA50 /* OpenGLES_Ch2_1UITests.xctest */,
			);
			name = Products;
			sourceTree = "<group>";
		};
		C6922C23210F364F007DEA50 /* OpenGLES_Ch2_1 */ = {
			isa = PBXGroup;
			children = (
				C6922C24210F364F007DEA50 /* AppDelegate.h */,
				C6922C25210F364F007DEA50 /* AppDelegate.m */,
				C6922C27210F364F007DEA50 /* ViewController.h */,
				C6922C28210F364F007DEA50 /* ViewController.m */,
				C6922C2A210F364F007DEA50 /* Main.storyboard */,
				C6922C2D210F3650007DEA50 /* Assets.xcassets */,
				C6922C2F210F3650007DEA50 /* LaunchScreen.storyboard */,
				C6922C32210F3650007DEA50 /* Info.plist */,
				C6922C33210F3650007DEA50 /* main.m */,
			);
			path = OpenGLES_Ch2_1;
			sourceTree = "<group>";
		};
		C6922C3C210F3650007DEA50 /* OpenGLES_Ch2_1Tests */ = {
			isa = PBXGroup;
			children = (
				C6922C3D210F3650007DEA50 /* OpenGLES_Ch2_1Tests.m */,
				C6922C3F210F3650007DEA50 /* Info.plist */,
			);
			path = OpenGLES_Ch2_1Tests;
			sourceTree = "<group>";
		};
		C6922C47210F3650007DEA50 /* OpenGLES_Ch2_1UITests */ = {
			isa = PBXGroup;
			children = (
				C6922C48210F3650007DEA50 /* OpenGLES_Ch2_1UITests.m */,
				C6922C4A210F3650007DEA50 /* Info.plist */,
			);
			path = OpenGLES_Ch2_1UITests;
			sourceTree = "<group>";
		};
/* End PBXGroup section */

/* Begin PBXNativeTarget section */
		C6922C20210F364F007DEA50 /* OpenGLES_Ch2_1 */ = {
			isa = PBXNativeTarget;
			buildConfigurationList = C6922C4D210F3650007DEA50 /* Build configuration list for PBXNativeTarget "OpenGLES_Ch2_1" */;
			buildPhases = (
				C6922C1D210F364F007DEA50 /* Sources */,
				C6922C1E210F364F007DEA50 /* Frameworks */,
				C6922C1F210F364F007DEA50 /* Resources */,
			);
			buildRules = (
			);
			dependencies = (
			);
			name = OpenGLES_Ch2_1;
			productName = OpenGLES_Ch2_1;
			productReference = C6922C21210F364F007DEA50 /* OpenGLES_Ch2_1.app */;
			productType = "com.apple.product-type.application";
		};
		C6922C38210F3650007DEA50 /* OpenGLES_Ch2_1Tests */ = {
			isa = PBXNativeTarget;
			buildConfigurationList = C6922C50210F3650007DEA50 /* Build configuration list for PBXNativeTarget "OpenGLES_Ch2_1Tests" */;
			buildPhases = (
				C6922C35210F3650007DEA50 /* Sources */,
				C6922C36210F3650007DEA50 /* Frameworks */,
				C6922C37210F3650007DEA50 /* Resources */,
			);
			buildRules = (
			);
			dependencies = (
				C6922C3B210F3650007DEA50 /* PBXTargetDependency */,
			);
			name = OpenGLES_Ch2_1Tests;
			productName = OpenGLES_Ch2_1Tests;
			productReference = C6922C39210F3650007DEA50 /* OpenGLES_Ch2_1Tests.xctest */;
			productType = "com.apple.product-type.bundle.unit-test";
		};
		C6922C43210F3650007DEA50 /* OpenGLES_Ch2_1UITests */ = {
			isa = PBXNativeTarget;
			buildConfigurationList = C6922C53210F3650007DEA50 /* Build configuration list for PBXNativeTarget "OpenGLES_Ch2_1UITests" */;
			buildPhases = (
				C6922C40210F3650007DEA50 /* Sources */,
				C6922C41210F3650007DEA50 /* Frameworks */,
				C6922C42210F3650007DEA50 /* Resources */,
			);
			buildRules = (
			);
			dependencies = (
				C6922C46210F3650007DEA50 /* PBXTargetDependency */,
			);
			name = OpenGLES_Ch2_1UITests;
			productName = OpenGLES_Ch2_1UITests;
			productReference = C6922C44210F3650007DEA50 /* OpenGLES_Ch2_1UITests.xctest */;
			productType = "com.apple.product-type.bundle.ui-testing";
		};
/* End PBXNativeTarget section */

/* Begin PBXProject section */
		C6922C19210F364F007DEA50 /* Project object */ = {
			isa = PBXProject;
			attributes = {
				LastUpgradeCheck = 0930;
				ORGANIZATIONNAME = wells;
				TargetAttributes = {
					C6922C20210F364F007DEA50 = {
						CreatedOnToolsVersion = 9.3;
					};
					C6922C38210F3650007DEA50 = {
						CreatedOnToolsVersion = 9.3;
						TestTargetID = C6922C20210F364F007DEA50;
					};
					C6922C43210F3650007DEA50 = {
						CreatedOnToolsVersion = 9.3;
						TestTargetID = C6922C20210F364F007DEA50;
					};
				};
			};
			buildConfigurationList = C6922C1C210F364F007DEA50 /* Build configuration list for PBXProject "OpenGLES_Ch2_1" */;
			compatibilityVersion = "Xcode 9.3";
			developmentRegion = en;
			hasScannedForEncodings = 0;
			knownRegions = (
				en,
				Base,
			);
			mainGroup = C6922C18210F364F007DEA50;
			productRefGroup = C6922C22210F364F007DEA50 /* Products */;
			projectDirPath = "";
			projectRoot = "";
			targets = (
				C6922C20210F364F007DEA50 /* OpenGLES_Ch2_1 */,
				C6922C38210F3650007DEA50 /* OpenGLES_Ch2_1Tests */,
				C6922C43210F3650007DEA50 /* OpenGLES_Ch2_1UITests */,
			);
		};
/* End PBXProject section */

/* Begin PBXResourcesBuildPhase section */
		C6922C1F210F364F007DEA50 /* Resources */ = {
			isa = PBXResourcesBuildPhase;
			buildActionMask = 2147483647;
			files = (
				C6922C31210F3650007DEA50 /* LaunchScreen.storyboard in Resources */,
				C6922C2E210F3650007DEA50 /* Assets.xcassets in Resources */,
				C6922C2C210F364F007DEA50 /* Main.storyboard in Resources */,
			);
			runOnlyForDeploymentPostprocessing = 0;
		};
		C6922C37210F3650007DEA50 /* Resources */ = {
			isa = PBXResourcesBuildPhase;
			buildActionMask = 2147483647;
			files = (
			);
			runOnlyForDeploymentPostprocessing = 0;
		};
		C6922C42210F3650007DEA50 /* Resources */ = {
			isa = PBXResourcesBuildPhase;
			buildActionMask = 2147483647;
			files = (
			);
			runOnlyForDeploymentPostprocessing = 0;
		};
/* End PBXResourcesBuildPhase section */

/* Begin PBXSourcesBuildPhase section */
		C6922C1D210F364F007DEA50 /* Sources */ = {
			isa = PBXSourcesBuildPhase;
			buildActionMask = 2147483647;
			files = (
				C6922C29210F364F007DEA50 /* ViewController.m in Sources */,
				C6922C34210F3650007DEA50 /* main.m in Sources */,
				C6922C26210F364F007DEA50 /* AppDelegate.m in Sources */,
			);
			runOnlyForDeploymentPostprocessing = 0;
		};
		C6922C35210F3650007DEA50 /* Sources */ = {
			isa = PBXSourcesBuildPhase;
			buildActionMask = 2147483647;
			files = (
				C6922C3E210F3650007DEA50 /* OpenGLES_Ch2_1Tests.m in Sources */,
			);
			runOnlyForDeploymentPostprocessing = 0;
		};
		C6922C40210F3650007DEA50 /* Sources */ = {
			isa = PBXSourcesBuildPhase;
			buildActionMask = 2147483647;
			files = (
				C6922C49210F3650007DEA50 /* OpenGLES_Ch2_1UITests.m in Sources */,
			);
			runOnlyForDeploymentPostprocessing = 0;
		};
/* End PBXSourcesBuildPhase section */

/* Begin PBXTargetDependency section */
		C6922C3B210F3650007DEA50 /* PBXTargetDependency */ = {
			isa = PBXTargetDependency;
			target = C6922C20210F364F007DEA50 /* OpenGLES_Ch2_1 */;
			targetProxy = C6922C3A210F3650007DEA50 /* PBXContainerItemProxy */;
		};
		C6922C46210F3650007DEA50 /* PBXTargetDependency */ = {
			isa = PBXTargetDependency;
			target = C6922C20210F364F007DEA50 /* OpenGLES_Ch2_1 */;
			targetProxy = C6922C45210F3650007DEA50 /* PBXContainerItemProxy */;
		};
/* End PBXTargetDependency section */

/* Begin PBXVariantGroup section */
		C6922C2A210F364F007DEA50 /* Main.storyboard */ = {
			isa = PBXVariantGroup;
			children = (
				C6922C2B210F364F007DEA50 /* Base */,
			);
			name = Main.storyboard;
			sourceTree = "<group>";
		};
		C6922C2F210F3650007DEA50 /* LaunchScreen.storyboard */ = {
			isa = PBXVariantGroup;
			children = (
				C6922C30210F3650007DEA50 /* Base */,
			);
			name = LaunchScreen.storyboard;
			sourceTree = "<group>";
		};
/* End PBXVariantGroup section */

/* Begin XCBuildConfiguration section */
		C6922C4B210F3650007DEA50 /* Debug */ = {
			isa = XCBuildConfiguration;
			buildSettings = {
				ALWAYS_SEARCH_USER_PATHS = NO;
				CLANG_ANALYZER_NONNULL = YES;
				CLANG_ANALYZER_NUMBER_OBJECT_CONVERSION = YES_AGGRESSIVE;
				CLANG_CXX_LANGUAGE_STANDARD = "gnu++14";
				CLANG_CXX_LIBRARY = "libc++";
				CLANG_ENABLE_MODULES = YES;
				CLANG_ENABLE_OBJC_ARC = YES;
				CLANG_ENABLE_OBJC_WEAK = YES;
				CLANG_WARN_BLOCK_CAPTURE_AUTORELEASING = YES;
				CLANG_WARN_BOOL_CONVERSION = YES;
				CLANG_WARN_COMMA = YES;
				CLANG_WARN_CONSTANT_CONVERSION = YES;
				CLANG_WARN_DEPRECATED_OBJC_IMPLEMENTATIONS = YES;
				CLANG_WARN_DIRECT_OBJC_ISA_USAGE = YES_ERROR;
				CLANG_WARN_DOCUMENTATION_COMMENTS = YES;
				CLANG_WARN_EMPTY_BODY = YES;
				CLANG_WARN_ENUM_CONVERSION = YES;
				CLANG_WARN_INFINITE_RECURSION = YES;
				CLANG_WARN_INT_CONVERSION = YES;
				CLANG_WARN_NON_LITERAL_NULL_CONVERSION = YES;
				CLANG_WARN_OBJC_IMPLICIT_RETAIN_SELF = YES;
				CLANG_WARN_OBJC_LITERAL_CONVERSION = YES;
				CLANG_WARN_OBJC_ROOT_CLASS = YES_ERROR;
				CLANG_WARN_RANGE_LOOP_ANALYSIS = YES;
				CLANG_WARN_STRICT_PROTOTYPES = YES;
				CLANG_WARN_SUSPICIOUS_MOVE = YES;
				CLANG_WARN_UNGUARDED_AVAILABILITY = YES_AGGRESSIVE;
				CLANG_WARN_UNREACHABLE_CODE = YES;
				CLANG_WARN__DUPLICATE_METHOD_MATCH = YES;
				CODE_SIGN_IDENTITY = "iPhone Developer";
				COPY_PHASE_STRIP = NO;
				DEBUG_INFORMATION_FORMAT = dwarf;
				ENABLE_STRICT_OBJC_MSGSEND = YES;
				ENABLE_TESTABILITY = YES;
				GCC_C_LANGUAGE_STANDARD = gnu11;
				GCC_DYNAMIC_NO_PIC = NO;
				GCC_NO_COMMON_BLOCKS = YES;
				GCC_OPTIMIZATION_LEVEL = 0;
				GCC_PREPROCESSOR_DEFINITIONS = (
					"DEBUG=1",
					"$(inherited)",
				);
				GCC_WARN_64_TO_32_BIT_CONVERSION = YES;
				GCC_WARN_ABOUT_RETURN_TYPE = YES_ERROR;
				GCC_WARN_UNDECLARED_SELECTOR = YES;
				GCC_WARN_UNINITIALIZED_AUTOS = YES_AGGRESSIVE;
				GCC_WARN_UNUSED_FUNCTION = YES;
				GCC_WARN_UNUSED_VARIABLE = YES;
				IPHONEOS_DEPLOYMENT_TARGET = 11.3;
				MTL_ENABLE_DEBUG_INFO = YES;
				ONLY_ACTIVE_ARCH = YES;
				SDKROOT = iphoneos;
			};
			name = Debug;
		};
		C6922C4C210F3650007DEA50 /* Release */ = {
			isa = XCBuildConfiguration;
			buildSettings = {
				ALWAYS_SEARCH_USER_PATHS = NO;
				CLANG_ANALYZER_NONNULL = YES;
				CLANG_ANALYZER_NUMBER_OBJECT_CONVERSION = YES_AGGRESSIVE;
				CLANG_CXX_LANGUAGE_STANDARD = "gnu++14";
				CLANG_CXX_LIBRARY = "libc++";
				CLANG_ENABLE_MODULES = YES;
				CLANG_ENABLE_OBJC_ARC = YES;
				CLANG_ENABLE_OBJC_WEAK = YES;
				CLANG_WARN_BLOCK_CAPTURE_AUTORELEASING = YES;
				CLANG_WARN_BOOL_CONVERSION = YES;
				CLANG_WARN_COMMA = YES;
				CLANG_WARN_CONSTANT_CONVERSION = YES;
				CLANG_WARN_DEPRECATED_OBJC_IMPLEMENTATIONS = YES;
				CLANG_WARN_DIRECT_OBJC_ISA_USAGE = YES_ERROR;
				CLANG_WARN_DOCUMENTATION_COMMENTS = YES;
				CLANG_WARN_EMPTY_BODY = YES;
				CLANG_WARN_ENUM_CONVERSION = YES;
				CLANG_WARN_INFINITE_RECURSION = YES;
				CLANG_WARN_INT_CONVERSION = YES;
				CLANG_WARN_NON_LITERAL_NULL_CONVERSION = YES;
				CLANG_WARN_OBJC_IMPLICIT_RETAIN_SELF = YES;
				CLANG_WARN_OBJC_LITERAL_CONVERSION = YES;
				CLANG_WARN_OBJC_ROOT_CLASS = YES_ERROR;
				CLANG_WARN_RANGE_LOOP_ANALYSIS = YES;
				CLANG_WARN_STRICT_PROTOTYPES = YES;
				CLANG_WARN_SUSPICIOUS_MOVE = YES;
				CLANG_WARN_UNGUARDED_AVAILABILITY = YES_AGGRESSIVE;
				CLANG_WARN_UNREACHABLE_CODE = YES;
				CLANG_WARN__DUPLICATE_METHOD_MATCH = YES;
				CODE_SIGN_IDENTITY = "iPhone Developer";
				COPY_PHASE_STRIP = NO;
				DEBUG_INFORMATION_FORMAT = "dwarf-with-dsym";
				ENABLE_NS_ASSERTIONS = NO;
				ENABLE_STRICT_OBJC_MSGSEND = YES;
				GCC_C_LANGUAGE_STANDARD = gnu11;
				GCC_NO_COMMON_BLOCKS = YES;
				GCC_WARN_64_TO_32_BIT_CONVERSION = YES;
				GCC_WARN_ABOUT_RETURN_TYPE = YES_ERROR;
				GCC_WARN_UNDECLARED_SELECTOR = YES;
				GCC_WARN_UNINITIALIZED_AUTOS = YES_AGGRESSIVE;
				GCC_WARN_UNUSED_FUNCTION = YES;
				GCC_WARN_UNUSED_VARIABLE = YES;
				IPHONEOS_DEPLOYMENT_TARGET = 11.3;
				MTL_ENABLE_DEBUG_INFO = NO;
				SDKROOT = iphoneos;
				VALIDATE_PRODUCT = YES;
			};
			name = Release;
		};
		C6922C4E210F3650007DEA50 /* Debug */ = {
			isa = XCBuildConfiguration;
			buildSettings = {
				ASSETCATALOG_COMPILER_APPICON_NAME = AppIcon;
				CODE_SIGN_STYLE = Automatic;
				DEVELOPMENT_TEAM = 9D5W8YCFD2;
				INFOPLIST_FILE = OpenGLES_Ch2_1/Info.plist;
				LD_RUNPATH_SEARCH_PATHS = (
					"$(inherited)",
					"@executable_path/Frameworks",
				);
				PRODUCT_BUNDLE_IDENTIFIER = "com.wells.OpenGLES-Ch2-1";
				PRODUCT_NAME = "$(TARGET_NAME)";
				TARGETED_DEVICE_FAMILY = "1,2";
			};
			name = Debug;
		};
		C6922C4F210F3650007DEA50 /* Release */ = {
			isa = XCBuildConfiguration;
			buildSettings = {
				ASSETCATALOG_COMPILER_APPICON_NAME = AppIcon;
				CODE_SIGN_STYLE = Automatic;
				DEVELOPMENT_TEAM = 9D5W8YCFD2;
				INFOPLIST_FILE = OpenGLES_Ch2_1/Info.plist;
				LD_RUNPATH_SEARCH_PATHS = (
					"$(inherited)",
					"@executable_path/Frameworks",
				);
				PRODUCT_BUNDLE_IDENTIFIER = "com.wells.OpenGLES-Ch2-1";
				PRODUCT_NAME = "$(TARGET_NAME)";
				TARGETED_DEVICE_FAMILY = "1,2";
			};
			name = Release;
		};
		C6922C51210F3650007DEA50 /* Debug */ = {
			isa = XCBuildConfiguration;
			buildSettings = {
				BUNDLE_LOADER = "$(TEST_HOST)";
				CODE_SIGN_STYLE = Automatic;
				DEVELOPMENT_TEAM = 9D5W8YCFD2;
				INFOPLIST_FILE = OpenGLES_Ch2_1Tests/Info.plist;
				LD_RUNPATH_SEARCH_PATHS = (
					"$(inherited)",
					"@executable_path/Frameworks",
					"@loader_path/Frameworks",
				);
				PRODUCT_BUNDLE_IDENTIFIER = "com.wells.OpenGLES-Ch2-1Tests";
				PRODUCT_NAME = "$(TARGET_NAME)";
				TARGETED_DEVICE_FAMILY = "1,2";
				TEST_HOST = "$(BUILT_PRODUCTS_DIR)/OpenGLES_Ch2_1.app/OpenGLES_Ch2_1";
			};
			name = Debug;
		};
		C6922C52210F3650007DEA50 /* Release */ = {
			isa = XCBuildConfiguration;
			buildSettings = {
				BUNDLE_LOADER = "$(TEST_HOST)";
				CODE_SIGN_STYLE = Automatic;
				DEVELOPMENT_TEAM = 9D5W8YCFD2;
				INFOPLIST_FILE = OpenGLES_Ch2_1Tests/Info.plist;
				LD_RUNPATH_SEARCH_PATHS = (
					"$(inherited)",
					"@executable_path/Frameworks",
					"@loader_path/Frameworks",
				);
				PRODUCT_BUNDLE_IDENTIFIER = "com.wells.OpenGLES-Ch2-1Tests";
				PRODUCT_NAME = "$(TARGET_NAME)";
				TARGETED_DEVICE_FAMILY = "1,2";
				TEST_HOST = "$(BUILT_PRODUCTS_DIR)/OpenGLES_Ch2_1.app/OpenGLES_Ch2_1";
			};
			name = Release;
		};
		C6922C54210F3650007DEA50 /* Debug */ = {
			isa = XCBuildConfiguration;
			buildSettings = {
				CODE_SIGN_STYLE = Automatic;
				DEVELOPMENT_TEAM = 9D5W8YCFD2;
				INFOPLIST_FILE = OpenGLES_Ch2_1UITests/Info.plist;
				LD_RUNPATH_SEARCH_PATHS = (
					"$(inherited)",
					"@executable_path/Frameworks",
					"@loader_path/Frameworks",
				);
				PRODUCT_BUNDLE_IDENTIFIER = "com.wells.OpenGLES-Ch2-1UITests";
				PRODUCT_NAME = "$(TARGET_NAME)";
				TARGETED_DEVICE_FAMILY = "1,2";
				TEST_TARGET_NAME = OpenGLES_Ch2_1;
			};
			name = Debug;
		};
		C6922C55210F3650007DEA50 /* Release */ = {
			isa = XCBuildConfiguration;
			buildSettings = {
				CODE_SIGN_STYLE = Automatic;
				DEVELOPMENT_TEAM = 9D5W8YCFD2;
				INFOPLIST_FILE = OpenGLES_Ch2_1UITests/Info.plist;
				LD_RUNPATH_SEARCH_PATHS = (
					"$(inherited)",
					"@executable_path/Frameworks",
					"@loader_path/Frameworks",
				);
				PRODUCT_BUNDLE_IDENTIFIER = "com.wells.OpenGLES-Ch2-1UITests";
				PRODUCT_NAME = "$(TARGET_NAME)";
				TARGETED_DEVICE_FAMILY = "1,2";
				TEST_TARGET_NAME = OpenGLES_Ch2_1;
			};
			name = Release;
		};
/* End XCBuildConfiguration section */

/* Begin XCConfigurationList section */
		C6922C1C210F364F007DEA50 /* Build configuration list for PBXProject "OpenGLES_Ch2_1" */ = {
			isa = XCConfigurationList;
			buildConfigurations = (
				C6922C4B210F3650007DEA50 /* Debug */,
				C6922C4C210F3650007DEA50 /* Release */,
			);
			defaultConfigurationIsVisible = 0;
			defaultConfigurationName = Release;
		};
		C6922C4D210F3650007DEA50 /* Build configuration list for PBXNativeTarget "OpenGLES_Ch2_1" */ = {
			isa = XCConfigurationList;
			buildConfigurations = (
				C6922C4E210F3650007DEA50 /* Debug */,
				C6922C4F210F3650007DEA50 /* Release */,
			);
			defaultConfigurationIsVisible = 0;
			defaultConfigurationName = Release;
		};
		C6922C50210F3650007DEA50 /* Build configuration list for PBXNativeTarget "OpenGLES_Ch2_1Tests" */ = {
			isa = XCConfigurationList;
			buildConfigurations = (
				C6922C51210F3650007DEA50 /* Debug */,
				C6922C52210F3650007DEA50 /* Release */,
			);
			defaultConfigurationIsVisible = 0;
			defaultConfigurationName = Release;
		};
		C6922C53210F3650007DEA50 /* Build configuration list for PBXNativeTarget "OpenGLES_Ch2_1UITests" */ = {
			isa = XCConfigurationList;
			buildConfigurations = (
				C6922C54210F3650007DEA50 /* Debug */,
				C6922C55210F3650007DEA50 /* Release */,
			);
			defaultConfigurationIsVisible = 0;
			defaultConfigurationName = Release;
		};
/* End XCConfigurationList section */
	};
	rootObject = C6922C19210F364F007DEA50 /* Project object */;
}
